
Microsoft Visual Studio Solution File, Format Version 12.00
# Visual Studio Version 16
VisualStudioVersion = 16.0.32901.82
MinimumVisualStudioVersion = 10.0.40219.1
Project("{9092AA53-FB77-4645-B42D-1CCCA6BD08BD}") = "NodejsWebApp1", "NodejsWebApp1.njsproj", "{4B4C7855-E5AF-43FB-8E58-DDCA4399167D}"
EndProject
Global
	GlobalSection(SolutionConfigurationPlatforms) = preSolution
		Debug|Any CPU = Debug|Any CPU
		Release|Any CPU = Release|Any CPU
	EndGlobalSection
	GlobalSection(ProjectConfigurationPlatforms) = postSolution
		{4B4C7855-E5AF-43FB-8E58-DDCA4399167D}.Debug|Any CPU.ActiveCfg = Debug|Any CPU
		{4B4C7855-E5AF-43FB-8E58-DDCA4399167D}.Debug|Any CPU.Build.0 = Debug|Any CPU
		{4B4C7855-E5AF-43FB-8E58-DDCA4399167D}.Release|Any CPU.ActiveCfg = Release|Any CPU
		{4B4C7855-E5AF-43FB-8E58-DDCA4399167D}.Release|Any CPU.Build.0 = Release|Any CPU
	EndGlobalSection
	GlobalSection(SolutionProperties) = preSolution
		HideSolutionNode = FALSE
	EndGlobalSection
	GlobalSection(ExtensibilityGlobals) = postSolution
		SolutionGuid = {16C00B63-2D31-4C1D-8910-11E391DBB581}
	EndGlobalSection
EndGlobal
